
Microsoft Visual Studio Solution File, Format Version 12.00
# Visual Studio Version 17
VisualStudioVersion = 17.3.32901.215
MinimumVisualStudioVersion = 10.0.40219.1
Project("{FAE04EC0-301F-11D3-BF4B-00C04F79EFBC}") = "First_Web_API_app", "First_Web_API_app\First_Web_API_app.csproj", "{935DCAE0-BAEB-4EC9-9603-6CD7E4473DE1}"
EndProject
Project("{9A19103F-16F7-4668-BE54-9A1E7A4F7556}") = "Data", "Data\Data.csproj", "{F41FD6CE-B455-487B-AE0C-5AC9E2FC2B1D}"
EndProject
Global
	GlobalSection(SolutionConfigurationPlatforms) = preSolution
		Debug|Any CPU = Debug|Any CPU
		Release|Any CPU = Release|Any CPU
	EndGlobalSection
	GlobalSection(ProjectConfigurationPlatforms) = postSolution
		{935DCAE0-BAEB-4EC9-9603-6CD7E4473DE1}.Debug|Any CPU.ActiveCfg = Debug|Any CPU
		{935DCAE0-BAEB-4EC9-9603-6CD7E4473DE1}.Debug|Any CPU.Build.0 = Debug|Any CPU
		{935DCAE0-BAEB-4EC9-9603-6CD7E4473DE1}.Release|Any CPU.ActiveCfg = Release|Any CPU
		{935DCAE0-BAEB-4EC9-9603-6CD7E4473DE1}.Release|Any CPU.Build.0 = Release|Any CPU
		{F41FD6CE-B455-487B-AE0C-5AC9E2FC2B1D}.Debug|Any CPU.ActiveCfg = Debug|Any CPU
		{F41FD6CE-B455-487B-AE0C-5AC9E2FC2B1D}.Debug|Any CPU.Build.0 = Debug|Any CPU
		{F41FD6CE-B455-487B-AE0C-5AC9E2FC2B1D}.Release|Any CPU.ActiveCfg = Release|Any CPU
		{F41FD6CE-B455-487B-AE0C-5AC9E2FC2B1D}.Release|Any CPU.Build.0 = Release|Any CPU
	EndGlobalSection
	GlobalSection(SolutionProperties) = preSolution
		HideSolutionNode = FALSE
	EndGlobalSection
	GlobalSection(ExtensibilityGlobals) = postSolution
		SolutionGuid = {6520D8B6-D2A4-4B1E-8B25-BE3843302960}
	EndGlobalSection
EndGlobal
